
Microsoft Visual Studio Solution File, Format Version 12.00
# Visual Studio 15
VisualStudioVersion = 15.0.27004.2006
MinimumVisualStudioVersion = 10.0.40219.1
Project("{FAE04EC0-301F-11D3-BF4B-00C04F79EFBC}") = "EnvMan", "src\EnvMan\EnvMan.csproj", "{2704D52D-4FE5-49C1-8FCE-9619155B01F6}"
EndProject
Project("{FAE04EC0-301F-11D3-BF4B-00C04F79EFBC}") = "EnvManager", "src\EnvManager\EnvManager.csproj", "{93A8FFFE-31F3-405B-92A7-3BF9DAB60EF7}"
EndProject
Global
	GlobalSection(SolutionConfigurationPlatforms) = preSolution
		Debug|Any CPU = Debug|Any CPU
		Release|Any CPU = Release|Any CPU
	EndGlobalSection
	GlobalSection(ProjectConfigurationPlatforms) = postSolution
		{2704D52D-4FE5-49C1-8FCE-9619155B01F6}.Debug|Any CPU.ActiveCfg = Debug|Any CPU
		{2704D52D-4FE5-49C1-8FCE-9619155B01F6}.Debug|Any CPU.Build.0 = Debug|Any CPU
		{2704D52D-4FE5-49C1-8FCE-9619155B01F6}.Release|Any CPU.ActiveCfg = Release|Any CPU
		{2704D52D-4FE5-49C1-8FCE-9619155B01F6}.Release|Any CPU.Build.0 = Release|Any CPU
		{93A8FFFE-31F3-405B-92A7-3BF9DAB60EF7}.Debug|Any CPU.ActiveCfg = Debug|Any CPU
		{93A8FFFE-31F3-405B-92A7-3BF9DAB60EF7}.Debug|Any CPU.Build.0 = Debug|Any CPU
		{93A8FFFE-31F3-405B-92A7-3BF9DAB60EF7}.Release|Any CPU.ActiveCfg = Release|Any CPU
		{93A8FFFE-31F3-405B-92A7-3BF9DAB60EF7}.Release|Any CPU.Build.0 = Release|Any CPU
	EndGlobalSection
	GlobalSection(SolutionProperties) = preSolution
		HideSolutionNode = FALSE
	EndGlobalSection
	GlobalSection(SubversionScc) = preSolution
		Svn-Managed = True
		Manager = AnkhSVN - Subversion Support for Visual Studio
	EndGlobalSection
	GlobalSection(DPCodeReviewSolutionGUID) = preSolution
		DPCodeReviewSolutionGUID = {00000000-0000-0000-0000-000000000000}
	EndGlobalSection
EndGlobal
